
Microsoft Visual Studio Solution File, Format Version 12.00
# Visual Studio 15
Project("{FAE04EC0-301F-11D3-BF4B-00C04F79EFBC}") = "Assembly-CSharp", "Assembly-CSharp.csproj", "{FF9BDCE5-C9C3-8213-2EA8-F798E7F80DA2}"
EndProject
Project("{FAE04EC0-301F-11D3-BF4B-00C04F79EFBC}") = "Unity.XR.SDK.InputSample", "Unity.XR.SDK.InputSample.csproj", "{D549A385-ED00-84BE-F5C4-2505E250030B}"
EndProject
Project("{FAE04EC0-301F-11D3-BF4B-00C04F79EFBC}") = "Assembly-CSharp-Editor", "Assembly-CSharp-Editor.csproj", "{7A97689C-BCD5-619F-8E49-3DD4EC53A226}"
EndProject
Global
	GlobalSection(SolutionConfigurationPlatforms) = preSolution
		Debug|Any CPU = Debug|Any CPU
		Release|Any CPU = Release|Any CPU
	EndGlobalSection
	GlobalSection(ProjectConfigurationPlatforms) = postSolution
		{FF9BDCE5-C9C3-8213-2EA8-F798E7F80DA2}.Debug|Any CPU.ActiveCfg = Debug|Any CPU
		{FF9BDCE5-C9C3-8213-2EA8-F798E7F80DA2}.Debug|Any CPU.Build.0 = Debug|Any CPU
		{FF9BDCE5-C9C3-8213-2EA8-F798E7F80DA2}.Release|Any CPU.ActiveCfg = Release|Any CPU
		{FF9BDCE5-C9C3-8213-2EA8-F798E7F80DA2}.Release|Any CPU.Build.0 = Release|Any CPU
		{D549A385-ED00-84BE-F5C4-2505E250030B}.Debug|Any CPU.ActiveCfg = Debug|Any CPU
		{D549A385-ED00-84BE-F5C4-2505E250030B}.Debug|Any CPU.Build.0 = Debug|Any CPU
		{D549A385-ED00-84BE-F5C4-2505E250030B}.Release|Any CPU.ActiveCfg = Release|Any CPU
		{D549A385-ED00-84BE-F5C4-2505E250030B}.Release|Any CPU.Build.0 = Release|Any CPU
		{7A97689C-BCD5-619F-8E49-3DD4EC53A226}.Debug|Any CPU.ActiveCfg = Debug|Any CPU
		{7A97689C-BCD5-619F-8E49-3DD4EC53A226}.Debug|Any CPU.Build.0 = Debug|Any CPU
		{7A97689C-BCD5-619F-8E49-3DD4EC53A226}.Release|Any CPU.ActiveCfg = Release|Any CPU
		{7A97689C-BCD5-619F-8E49-3DD4EC53A226}.Release|Any CPU.Build.0 = Release|Any CPU
	EndGlobalSection
	GlobalSection(SolutionProperties) = preSolution
		HideSolutionNode = FALSE
	EndGlobalSection
EndGlobal
