
Microsoft Visual Studio Solution File, Format Version 12.00
# Visual Studio 15
Project("{FAE04EC0-301F-11D3-BF4B-00C04F79EFBC}") = "Assembly-CSharp", "Assembly-CSharp.csproj", "{511A4443-A082-7E16-F184-0FCACB11928E}"
EndProject
Project("{FAE04EC0-301F-11D3-BF4B-00C04F79EFBC}") = "Unity.XR.SDK.InputSample.Editor", "Unity.XR.SDK.InputSample.Editor.csproj", "{737F37E7-CEAF-87D6-FE9B-A0DA3665FC7F}"
EndProject
Project("{FAE04EC0-301F-11D3-BF4B-00C04F79EFBC}") = "Unity.XR.SDK.InputSample", "Unity.XR.SDK.InputSample.csproj", "{B8A69E91-8DA3-5C15-1946-A247F9CBDC3A}"
EndProject
Project("{FAE04EC0-301F-11D3-BF4B-00C04F79EFBC}") = "Assembly-CSharp-Editor", "Assembly-CSharp-Editor.csproj", "{9522DFAF-C2B7-3B32-7F71-2244FE733983}"
EndProject
Global
	GlobalSection(SolutionConfigurationPlatforms) = preSolution
		Debug|Any CPU = Debug|Any CPU
		Release|Any CPU = Release|Any CPU
	EndGlobalSection
	GlobalSection(ProjectConfigurationPlatforms) = postSolution
		{511A4443-A082-7E16-F184-0FCACB11928E}.Debug|Any CPU.ActiveCfg = Debug|Any CPU
		{511A4443-A082-7E16-F184-0FCACB11928E}.Debug|Any CPU.Build.0 = Debug|Any CPU
		{511A4443-A082-7E16-F184-0FCACB11928E}.Release|Any CPU.ActiveCfg = Release|Any CPU
		{511A4443-A082-7E16-F184-0FCACB11928E}.Release|Any CPU.Build.0 = Release|Any CPU
		{737F37E7-CEAF-87D6-FE9B-A0DA3665FC7F}.Debug|Any CPU.ActiveCfg = Debug|Any CPU
		{737F37E7-CEAF-87D6-FE9B-A0DA3665FC7F}.Debug|Any CPU.Build.0 = Debug|Any CPU
		{737F37E7-CEAF-87D6-FE9B-A0DA3665FC7F}.Release|Any CPU.ActiveCfg = Release|Any CPU
		{737F37E7-CEAF-87D6-FE9B-A0DA3665FC7F}.Release|Any CPU.Build.0 = Release|Any CPU
		{B8A69E91-8DA3-5C15-1946-A247F9CBDC3A}.Debug|Any CPU.ActiveCfg = Debug|Any CPU
		{B8A69E91-8DA3-5C15-1946-A247F9CBDC3A}.Debug|Any CPU.Build.0 = Debug|Any CPU
		{B8A69E91-8DA3-5C15-1946-A247F9CBDC3A}.Release|Any CPU.ActiveCfg = Release|Any CPU
		{B8A69E91-8DA3-5C15-1946-A247F9CBDC3A}.Release|Any CPU.Build.0 = Release|Any CPU
		{9522DFAF-C2B7-3B32-7F71-2244FE733983}.Debug|Any CPU.ActiveCfg = Debug|Any CPU
		{9522DFAF-C2B7-3B32-7F71-2244FE733983}.Debug|Any CPU.Build.0 = Debug|Any CPU
		{9522DFAF-C2B7-3B32-7F71-2244FE733983}.Release|Any CPU.ActiveCfg = Release|Any CPU
		{9522DFAF-C2B7-3B32-7F71-2244FE733983}.Release|Any CPU.Build.0 = Release|Any CPU
	EndGlobalSection
	GlobalSection(SolutionProperties) = preSolution
		HideSolutionNode = FALSE
	EndGlobalSection
EndGlobal
